// !$*UTF8*$!
{
	archiveVersion = 1;
	classes = {
	};
	objectVersion = 56;
	objects = {

/* Begin PBXBuildFile section */
		462324CA2A5ECF8A00E0D0FA /* AppDelegate.swift in Sources */ = {isa = PBXBuildFile; fileRef = 462324C92A5ECF8A00E0D0FA /* AppDelegate.swift */; };
		462324CC2A5ECF8A00E0D0FA /* SceneDelegate.swift in Sources */ = {isa = PBXBuildFile; fileRef = 462324CB2A5ECF8A00E0D0FA /* SceneDelegate.swift */; };
		462324CE2A5ECF8A00E0D0FA /* ViewController.swift in Sources */ = {isa = PBXBuildFile; fileRef = 462324CD2A5ECF8A00E0D0FA /* ViewController.swift */; };
		462324D12A5ECF8A00E0D0FA /* Main.storyboard in Resources */ = {isa = PBXBuildFile; fileRef = 462324CF2A5ECF8A00E0D0FA /* Main.storyboard */; };
		462324D32A5ECF8B00E0D0FA /* Assets.xcassets in Resources */ = {isa = PBXBuildFile; fileRef = 462324D22A5ECF8B00E0D0FA /* Assets.xcassets */; };
		462324D62A5ECF8B00E0D0FA /* LaunchScreen.storyboard in Resources */ = {isa = PBXBuildFile; fileRef = 462324D42A5ECF8B00E0D0FA /* LaunchScreen.storyboard */; };
		462324E12A5ECF8B00E0D0FA /* I_am_PoorTests.swift in Sources */ = {isa = PBXBuildFile; fileRef = 462324E02A5ECF8B00E0D0FA /* I_am_PoorTests.swift */; };
		462324EB2A5ECF8B00E0D0FA /* I_am_PoorUITests.swift in Sources */ = {isa = PBXBuildFile; fileRef = 462324EA2A5ECF8B00E0D0FA /* I_am_PoorUITests.swift */; };
		462324ED2A5ECF8B00E0D0FA /* I_am_PoorUITestsLaunchTests.swift in Sources */ = {isa = PBXBuildFile; fileRef = 462324EC2A5ECF8B00E0D0FA /* I_am_PoorUITestsLaunchTests.swift */; };
/* End PBXBuildFile section */

/* Begin PBXContainerItemProxy section */
		462324DD2A5ECF8B00E0D0FA /* PBXContainerItemProxy */ = {
			isa = PBXContainerItemProxy;
			containerPortal = 462324BE2A5ECF8A00E0D0FA /* Project object */;
			proxyType = 1;
			remoteGlobalIDString = 462324C52A5ECF8A00E0D0FA;
			remoteInfo = "I am Poor";
		};
		462324E72A5ECF8B00E0D0FA /* PBXContainerItemProxy */ = {
			isa = PBXContainerItemProxy;
			containerPortal = 462324BE2A5ECF8A00E0D0FA /* Project object */;
			proxyType = 1;
			remoteGlobalIDString = 462324C52A5ECF8A00E0D0FA;
			remoteInfo = "I am Poor";
		};
/* End PBXContainerItemProxy section */

/* Begin PBXFileReference section */
		462324C62A5ECF8A00E0D0FA /* I am Poor.app */ = {isa = PBXFileReference; explicitFileType = wrapper.application; includeInIndex = 0; path = "I am Poor.app"; sourceTree = BUILT_PRODUCTS_DIR; };
		462324C92A5ECF8A00E0D0FA /* AppDelegate.swift */ = {isa = PBXFileReference; lastKnownFileType = sourcecode.swift; path = AppDelegate.swift; sourceTree = "<group>"; };
		462324CB2A5ECF8A00E0D0FA /* SceneDelegate.swift */ = {isa = PBXFileReference; lastKnownFileType = sourcecode.swift; path = SceneDelegate.swift; sourceTree = "<group>"; };
		462324CD2A5ECF8A00E0D0FA /* ViewController.swift */ = {isa = PBXFileReference; lastKnownFileType = sourcecode.swift; path = ViewController.swift; sourceTree = "<group>"; };
		462324D02A5ECF8A00E0D0FA /* Base */ = {isa = PBXFileReference; lastKnownFileType = file.storyboard; name = Base; path = Base.lproj/Main.storyboard; sourceTree = "<group>"; };
		462324D22A5ECF8B00E0D0FA /* Assets.xcassets */ = {isa = PBXFileReference; lastKnownFileType = folder.assetcatalog; path = Assets.xcassets; sourceTree = "<group>"; };
		462324D52A5ECF8B00E0D0FA /* Base */ = {isa = PBXFileReference; lastKnownFileType = file.storyboard; name = Base; path = Base.lproj/LaunchScreen.storyboard; sourceTree = "<group>"; };
		462324D72A5ECF8B00E0D0FA /* Info.plist */ = {isa = PBXFileReference; lastKnownFileType = text.plist.xml; path = Info.plist; sourceTree = "<group>"; };
		462324DC2A5ECF8B00E0D0FA /* I am PoorTests.xctest */ = {isa = PBXFileReference; explicitFileType = wrapper.cfbundle; includeInIndex = 0; path = "I am PoorTests.xctest"; sourceTree = BUILT_PRODUCTS_DIR; };
		462324E02A5ECF8B00E0D0FA /* I_am_PoorTests.swift */ = {isa = PBXFileReference; lastKnownFileType = sourcecode.swift; path = I_am_PoorTests.swift; sourceTree = "<group>"; };
		462324E62A5ECF8B00E0D0FA /* I am PoorUITests.xctest */ = {isa = PBXFileReference; explicitFileType = wrapper.cfbundle; includeInIndex = 0; path = "I am PoorUITests.xctest"; sourceTree = BUILT_PRODUCTS_DIR; };
		462324EA2A5ECF8B00E0D0FA /* I_am_PoorUITests.swift */ = {isa = PBXFileReference; lastKnownFileType = sourcecode.swift; path = I_am_PoorUITests.swift; sourceTree = "<group>"; };
		462324EC2A5ECF8B00E0D0FA /* I_am_PoorUITestsLaunchTests.swift */ = {isa = PBXFileReference; lastKnownFileType = sourcecode.swift; path = I_am_PoorUITestsLaunchTests.swift; sourceTree = "<group>"; };
/* End PBXFileReference section */

/* Begin PBXFrameworksBuildPhase section */
		462324C32A5ECF8A00E0D0FA /* Frameworks */ = {
			isa = PBXFrameworksBuildPhase;
			buildActionMask = 2147483647;
			files = (
			);
			runOnlyForDeploymentPostprocessing = 0;
		};
		462324D92A5ECF8B00E0D0FA /* Frameworks */ = {
			isa = PBXFrameworksBuildPhase;
			buildActionMask = 2147483647;
			files = (
			);
			runOnlyForDeploymentPostprocessing = 0;
		};
		462324E32A5ECF8B00E0D0FA /* Frameworks */ = {
			isa = PBXFrameworksBuildPhase;
			buildActionMask = 2147483647;
			files = (
			);
			runOnlyForDeploymentPostprocessing = 0;
		};
/* End PBXFrameworksBuildPhase section */

/* Begin PBXGroup section */
		462324BD2A5ECF8A00E0D0FA = {
			isa = PBXGroup;
			children = (
				462324C82A5ECF8A00E0D0FA /* I am Poor */,
				462324DF2A5ECF8B00E0D0FA /* I am PoorTests */,
				462324E92A5ECF8B00E0D0FA /* I am PoorUITests */,
				462324C72A5ECF8A00E0D0FA /* Products */,
			);
			sourceTree = "<group>";
		};
		462324C72A5ECF8A00E0D0FA /* Products */ = {
			isa = PBXGroup;
			children = (
				462324C62A5ECF8A00E0D0FA /* I am Poor.app */,
				462324DC2A5ECF8B00E0D0FA /* I am PoorTests.xctest */,
				462324E62A5ECF8B00E0D0FA /* I am PoorUITests.xctest */,
			);
			name = Products;
			sourceTree = "<group>";
		};
		462324C82A5ECF8A00E0D0FA /* I am Poor */ = {
			isa = PBXGroup;
			children = (
				462324C92A5ECF8A00E0D0FA /* AppDelegate.swift */,
				462324CB2A5ECF8A00E0D0FA /* SceneDelegate.swift */,
				462324CD2A5ECF8A00E0D0FA /* ViewController.swift */,
				462324CF2A5ECF8A00E0D0FA /* Main.storyboard */,
				462324D22A5ECF8B00E0D0FA /* Assets.xcassets */,
				462324D42A5ECF8B00E0D0FA /* LaunchScreen.storyboard */,
				462324D72A5ECF8B00E0D0FA /* Info.plist */,
			);
			path = "I am Poor";
			sourceTree = "<group>";
		};
		462324DF2A5ECF8B00E0D0FA /* I am PoorTests */ = {
			isa = PBXGroup;
			children = (
				462324E02A5ECF8B00E0D0FA /* I_am_PoorTests.swift */,
			);
			path = "I am PoorTests";
			sourceTree = "<group>";
		};
		462324E92A5ECF8B00E0D0FA /* I am PoorUITests */ = {
			isa = PBXGroup;
			children = (
				462324EA2A5ECF8B00E0D0FA /* I_am_PoorUITests.swift */,
				462324EC2A5ECF8B00E0D0FA /* I_am_PoorUITestsLaunchTests.swift */,
			);
			path = "I am PoorUITests";
			sourceTree = "<group>";
		};
/* End PBXGroup section */

/* Begin PBXNativeTarget section */
		462324C52A5ECF8A00E0D0FA /* I am Poor */ = {
			isa = PBXNativeTarget;
			buildConfigurationList = 462324F02A5ECF8B00E0D0FA /* Build configuration list for PBXNativeTarget "I am Poor" */;
			buildPhases = (
				462324C22A5ECF8A00E0D0FA /* Sources */,
				462324C32A5ECF8A00E0D0FA /* Frameworks */,
				462324C42A5ECF8A00E0D0FA /* Resources */,
			);
			buildRules = (
			);
			dependencies = (
			);
			name = "I am Poor";
			productName = "I am Poor";
			productReference = 462324C62A5ECF8A00E0D0FA /* I am Poor.app */;
			productType = "com.apple.product-type.application";
		};
		462324DB2A5ECF8B00E0D0FA /* I am PoorTests */ = {
			isa = PBXNativeTarget;
			buildConfigurationList = 462324F32A5ECF8B00E0D0FA /* Build configuration list for PBXNativeTarget "I am PoorTests" */;
			buildPhases = (
				462324D82A5ECF8B00E0D0FA /* Sources */,
				462324D92A5ECF8B00E0D0FA /* Frameworks */,
				462324DA2A5ECF8B00E0D0FA /* Resources */,
			);
			buildRules = (
			);
			dependencies = (
				462324DE2A5ECF8B00E0D0FA /* PBXTargetDependency */,
			);
			name = "I am PoorTests";
			productName = "I am PoorTests";
			productReference = 462324DC2A5ECF8B00E0D0FA /* I am PoorTests.xctest */;
			productType = "com.apple.product-type.bundle.unit-test";
		};
		462324E52A5ECF8B00E0D0FA /* I am PoorUITests */ = {
			isa = PBXNativeTarget;
			buildConfigurationList = 462324F62A5ECF8B00E0D0FA /* Build configuration list for PBXNativeTarget "I am PoorUITests" */;
			buildPhases = (
				462324E22A5ECF8B00E0D0FA /* Sources */,
				462324E32A5ECF8B00E0D0FA /* Frameworks */,
				462324E42A5ECF8B00E0D0FA /* Resources */,
			);
			buildRules = (
			);
			dependencies = (
				462324E82A5ECF8B00E0D0FA /* PBXTargetDependency */,
			);
			name = "I am PoorUITests";
			productName = "I am PoorUITests";
			productReference = 462324E62A5ECF8B00E0D0FA /* I am PoorUITests.xctest */;
			productType = "com.apple.product-type.bundle.ui-testing";
		};
/* End PBXNativeTarget section */

/* Begin PBXProject section */
		462324BE2A5ECF8A00E0D0FA /* Project object */ = {
			isa = PBXProject;
			attributes = {
				BuildIndependentTargetsInParallel = 1;
				LastSwiftUpdateCheck = 1430;
				LastUpgradeCheck = 1430;
				TargetAttributes = {
					462324C52A5ECF8A00E0D0FA = {
						CreatedOnToolsVersion = 14.3.1;
					};
					462324DB2A5ECF8B00E0D0FA = {
						CreatedOnToolsVersion = 14.3.1;
						TestTargetID = 462324C52A5ECF8A00E0D0FA;
					};
					462324E52A5ECF8B00E0D0FA = {
						CreatedOnToolsVersion = 14.3.1;
						TestTargetID = 462324C52A5ECF8A00E0D0FA;
					};
				};
			};
			buildConfigurationList = 462324C12A5ECF8A00E0D0FA /* Build configuration list for PBXProject "I am Poor" */;
			compatibilityVersion = "Xcode 14.0";
			developmentRegion = en;
			hasScannedForEncodings = 0;
			knownRegions = (
				en,
				Base,
			);
			mainGroup = 462324BD2A5ECF8A00E0D0FA;
			productRefGroup = 462324C72A5ECF8A00E0D0FA /* Products */;
			projectDirPath = "";
			projectRoot = "";
			targets = (
				462324C52A5ECF8A00E0D0FA /* I am Poor */,
				462324DB2A5ECF8B00E0D0FA /* I am PoorTests */,
				462324E52A5ECF8B00E0D0FA /* I am PoorUITests */,
			);
		};
/* End PBXProject section */

/* Begin PBXResourcesBuildPhase section */
		462324C42A5ECF8A00E0D0FA /* Resources */ = {
			isa = PBXResourcesBuildPhase;
			buildActionMask = 2147483647;
			files = (
				462324D62A5ECF8B00E0D0FA /* LaunchScreen.storyboard in Resources */,
				462324D32A5ECF8B00E0D0FA /* Assets.xcassets in Resources */,
				462324D12A5ECF8A00E0D0FA /* Main.storyboard in Resources */,
			);
			runOnlyForDeploymentPostprocessing = 0;
		};
		462324DA2A5ECF8B00E0D0FA /* Resources */ = {
			isa = PBXResourcesBuildPhase;
			buildActionMask = 2147483647;
			files = (
			);
			runOnlyForDeploymentPostprocessing = 0;
		};
		462324E42A5ECF8B00E0D0FA /* Resources */ = {
			isa = PBXResourcesBuildPhase;
			buildActionMask = 2147483647;
			files = (
			);
			runOnlyForDeploymentPostprocessing = 0;
		};
/* End PBXResourcesBuildPhase section */

/* Begin PBXSourcesBuildPhase section */
		462324C22A5ECF8A00E0D0FA /* Sources */ = {
			isa = PBXSourcesBuildPhase;
			buildActionMask = 2147483647;
			files = (
				462324CE2A5ECF8A00E0D0FA /* ViewController.swift in Sources */,
				462324CA2A5ECF8A00E0D0FA /* AppDelegate.swift in Sources */,
				462324CC2A5ECF8A00E0D0FA /* SceneDelegate.swift in Sources */,
			);
			runOnlyForDeploymentPostprocessing = 0;
		};
		462324D82A5ECF8B00E0D0FA /* Sources */ = {
			isa = PBXSourcesBuildPhase;
			buildActionMask = 2147483647;
			files = (
				462324E12A5ECF8B00E0D0FA /* I_am_PoorTests.swift in Sources */,
			);
			runOnlyForDeploymentPostprocessing = 0;
		};
		462324E22A5ECF8B00E0D0FA /* Sources */ = {
			isa = PBXSourcesBuildPhase;
			buildActionMask = 2147483647;
			files = (
				462324ED2A5ECF8B00E0D0FA /* I_am_PoorUITestsLaunchTests.swift in Sources */,
				462324EB2A5ECF8B00E0D0FA /* I_am_PoorUITests.swift in Sources */,
			);
			runOnlyForDeploymentPostprocessing = 0;
		};
/* End PBXSourcesBuildPhase section */

/* Begin PBXTargetDependency section */
		462324DE2A5ECF8B00E0D0FA /* PBXTargetDependency */ = {
			isa = PBXTargetDependency;
			target = 462324C52A5ECF8A00E0D0FA /* I am Poor */;
			targetProxy = 462324DD2A5ECF8B00E0D0FA /* PBXContainerItemProxy */;
		};
		462324E82A5ECF8B00E0D0FA /* PBXTargetDependency */ = {
			isa = PBXTargetDependency;
			target = 462324C52A5ECF8A00E0D0FA /* I am Poor */;
			targetProxy = 462324E72A5ECF8B00E0D0FA /* PBXContainerItemProxy */;
		};
/* End PBXTargetDependency section */

/* Begin PBXVariantGroup section */
		462324CF2A5ECF8A00E0D0FA /* Main.storyboard */ = {
			isa = PBXVariantGroup;
			children = (
				462324D02A5ECF8A00E0D0FA /* Base */,
			);
			name = Main.storyboard;
			sourceTree = "<group>";
		};
		462324D42A5ECF8B00E0D0FA /* LaunchScreen.storyboard */ = {
			isa = PBXVariantGroup;
			children = (
				462324D52A5ECF8B00E0D0FA /* Base */,
			);
			name = LaunchScreen.storyboard;
			sourceTree = "<group>";
		};
/* End PBXVariantGroup section */

/* Begin XCBuildConfiguration section */
		462324EE2A5ECF8B00E0D0FA /* Debug */ = {
			isa = XCBuildConfiguration;
			buildSettings = {
				ALWAYS_SEARCH_USER_PATHS = NO;
				CLANG_ANALYZER_NONNULL = YES;
				CLANG_ANALYZER_NUMBER_OBJECT_CONVERSION = YES_AGGRESSIVE;
				CLANG_CXX_LANGUAGE_STANDARD = "gnu++20";
				CLANG_ENABLE_MODULES = YES;
				CLANG_ENABLE_OBJC_ARC = YES;
				CLANG_ENABLE_OBJC_WEAK = YES;
				CLANG_WARN_BLOCK_CAPTURE_AUTORELEASING = YES;
				CLANG_WARN_BOOL_CONVERSION = YES;
				CLANG_WARN_COMMA = YES;
				CLANG_WARN_CONSTANT_CONVERSION = YES;
				CLANG_WARN_DEPRECATED_OBJC_IMPLEMENTATIONS = YES;
				CLANG_WARN_DIRECT_OBJC_ISA_USAGE = YES_ERROR;
				CLANG_WARN_DOCUMENTATION_COMMENTS = YES;
				CLANG_WARN_EMPTY_BODY = YES;
				CLANG_WARN_ENUM_CONVERSION = YES;
				CLANG_WARN_INFINITE_RECURSION = YES;
				CLANG_WARN_INT_CONVERSION = YES;
				CLANG_WARN_NON_LITERAL_NULL_CONVERSION = YES;
				CLANG_WARN_OBJC_IMPLICIT_RETAIN_SELF = YES;
				CLANG_WARN_OBJC_LITERAL_CONVERSION = YES;
				CLANG_WARN_OBJC_ROOT_CLASS = YES_ERROR;
				CLANG_WARN_QUOTED_INCLUDE_IN_FRAMEWORK_HEADER = YES;
				CLANG_WARN_RANGE_LOOP_ANALYSIS = YES;
				CLANG_WARN_STRICT_PROTOTYPES = YES;
				CLANG_WARN_SUSPICIOUS_MOVE = YES;
				CLANG_WARN_UNGUARDED_AVAILABILITY = YES_AGGRESSIVE;
				CLANG_WARN_UNREACHABLE_CODE = YES;
				CLANG_WARN__DUPLICATE_METHOD_MATCH = YES;
				COPY_PHASE_STRIP = NO;
				DEBUG_INFORMATION_FORMAT = dwarf;
				ENABLE_STRICT_OBJC_MSGSEND = YES;
				ENABLE_TESTABILITY = YES;
				GCC_C_LANGUAGE_STANDARD = gnu11;
				GCC_DYNAMIC_NO_PIC = NO;
				GCC_NO_COMMON_BLOCKS = YES;
				GCC_OPTIMIZATION_LEVEL = 0;
				GCC_PREPROCESSOR_DEFINITIONS = (
					"DEBUG=1",
					"$(inherited)",
				);
				GCC_WARN_64_TO_32_BIT_CONVERSION = YES;
				GCC_WARN_ABOUT_RETURN_TYPE = YES_ERROR;
				GCC_WARN_UNDECLARED_SELECTOR = YES;
				GCC_WARN_UNINITIALIZED_AUTOS = YES_AGGRESSIVE;
				GCC_WARN_UNUSED_FUNCTION = YES;
				GCC_WARN_UNUSED_VARIABLE = YES;
				IPHONEOS_DEPLOYMENT_TARGET = 16.4;
				MTL_ENABLE_DEBUG_INFO = INCLUDE_SOURCE;
				MTL_FAST_MATH = YES;
				ONLY_ACTIVE_ARCH = YES;
				SDKROOT = iphoneos;
				SWIFT_ACTIVE_COMPILATION_CONDITIONS = DEBUG;
				SWIFT_OPTIMIZATION_LEVEL = "-Onone";
			};
			name = Debug;
		};
		462324EF2A5ECF8B00E0D0FA /* Release */ = {
			isa = XCBuildConfiguration;
			buildSettings = {
				ALWAYS_SEARCH_USER_PATHS = NO;
				CLANG_ANALYZER_NONNULL = YES;
				CLANG_ANALYZER_NUMBER_OBJECT_CONVERSION = YES_AGGRESSIVE;
				CLANG_CXX_LANGUAGE_STANDARD = "gnu++20";
				CLANG_ENABLE_MODULES = YES;
				CLANG_ENABLE_OBJC_ARC = YES;
				CLANG_ENABLE_OBJC_WEAK = YES;
				CLANG_WARN_BLOCK_CAPTURE_AUTORELEASING = YES;
				CLANG_WARN_BOOL_CONVERSION = YES;
				CLANG_WARN_COMMA = YES;
				CLANG_WARN_CONSTANT_CONVERSION = YES;
				CLANG_WARN_DEPRECATED_OBJC_IMPLEMENTATIONS = YES;
				CLANG_WARN_DIRECT_OBJC_ISA_USAGE = YES_ERROR;
				CLANG_WARN_DOCUMENTATION_COMMENTS = YES;
				CLANG_WARN_EMPTY_BODY = YES;
				CLANG_WARN_ENUM_CONVERSION = YES;
				CLANG_WARN_INFINITE_RECURSION = YES;
				CLANG_WARN_INT_CONVERSION = YES;
				CLANG_WARN_NON_LITERAL_NULL_CONVERSION = YES;
				CLANG_WARN_OBJC_IMPLICIT_RETAIN_SELF = YES;
				CLANG_WARN_OBJC_LITERAL_CONVERSION = YES;
				CLANG_WARN_OBJC_ROOT_CLASS = YES_ERROR;
				CLANG_WARN_QUOTED_INCLUDE_IN_FRAMEWORK_HEADER = YES;
				CLANG_WARN_RANGE_LOOP_ANALYSIS = YES;
				CLANG_WARN_STRICT_PROTOTYPES = YES;
				CLANG_WARN_SUSPICIOUS_MOVE = YES;
				CLANG_WARN_UNGUARDED_AVAILABILITY = YES_AGGRESSIVE;
				CLANG_WARN_UNREACHABLE_CODE = YES;
				CLANG_WARN__DUPLICATE_METHOD_MATCH = YES;
				COPY_PHASE_STRIP = NO;
				DEBUG_INFORMATION_FORMAT = "dwarf-with-dsym";
				ENABLE_NS_ASSERTIONS = NO;
				ENABLE_STRICT_OBJC_MSGSEND = YES;
				GCC_C_LANGUAGE_STANDARD = gnu11;
				GCC_NO_COMMON_BLOCKS = YES;
				GCC_WARN_64_TO_32_BIT_CONVERSION = YES;
				GCC_WARN_ABOUT_RETURN_TYPE = YES_ERROR;
				GCC_WARN_UNDECLARED_SELECTOR = YES;
				GCC_WARN_UNINITIALIZED_AUTOS = YES_AGGRESSIVE;
				GCC_WARN_UNUSED_FUNCTION = YES;
				GCC_WARN_UNUSED_VARIABLE = YES;
				IPHONEOS_DEPLOYMENT_TARGET = 16.4;
				MTL_ENABLE_DEBUG_INFO = NO;
				MTL_FAST_MATH = YES;
				SDKROOT = iphoneos;
				SWIFT_COMPILATION_MODE = wholemodule;
				SWIFT_OPTIMIZATION_LEVEL = "-O";
				VALIDATE_PRODUCT = YES;
			};
			name = Release;
		};
		462324F12A5ECF8B00E0D0FA /* Debug */ = {
			isa = XCBuildConfiguration;
			buildSettings = {
				ASSETCATALOG_COMPILER_APPICON_NAME = AppIcon;
				ASSETCATALOG_COMPILER_GLOBAL_ACCENT_COLOR_NAME = AccentColor;
				CODE_SIGN_STYLE = Automatic;
				CURRENT_PROJECT_VERSION = 1;
				GENERATE_INFOPLIST_FILE = YES;
				INFOPLIST_FILE = "I am Poor/Info.plist";
				INFOPLIST_KEY_UIApplicationSupportsIndirectInputEvents = YES;
				INFOPLIST_KEY_UILaunchStoryboardName = LaunchScreen;
				INFOPLIST_KEY_UIMainStoryboardFile = Main;
				INFOPLIST_KEY_UISupportedInterfaceOrientations_iPad = "UIInterfaceOrientationPortrait UIInterfaceOrientationPortraitUpsideDown UIInterfaceOrientationLandscapeLeft UIInterfaceOrientationLandscapeRight";
				INFOPLIST_KEY_UISupportedInterfaceOrientations_iPhone = "UIInterfaceOrientationPortrait UIInterfaceOrientationLandscapeLeft UIInterfaceOrientationLandscapeRight";
				LD_RUNPATH_SEARCH_PATHS = (
					"$(inherited)",
					"@executable_path/Frameworks",
				);
				MARKETING_VERSION = 1.0;
				PRODUCT_BUNDLE_IDENTIFIER = "chiragsaraswat.dev.I-am-Poor";
				PRODUCT_NAME = "$(TARGET_NAME)";
				SWIFT_EMIT_LOC_STRINGS = YES;
				SWIFT_VERSION = 5.0;
				TARGETED_DEVICE_FAMILY = "1,2";
			};
			name = Debug;
		};
		462324F22A5ECF8B00E0D0FA /* Release */ = {
			isa = XCBuildConfiguration;
			buildSettings = {
				ASSETCATALOG_COMPILER_APPICON_NAME = AppIcon;
				ASSETCATALOG_COMPILER_GLOBAL_ACCENT_COLOR_NAME = AccentColor;
				CODE_SIGN_STYLE = Automatic;
				CURRENT_PROJECT_VERSION = 1;
				GENERATE_INFOPLIST_FILE = YES;
				INFOPLIST_FILE = "I am Poor/Info.plist";
				INFOPLIST_KEY_UIApplicationSupportsIndirectInputEvents = YES;
				INFOPLIST_KEY_UILaunchStoryboardName = LaunchScreen;
				INFOPLIST_KEY_UIMainStoryboardFile = Main;
				INFOPLIST_KEY_UISupportedInterfaceOrientations_iPad = "UIInterfaceOrientationPortrait UIInterfaceOrientationPortraitUpsideDown UIInterfaceOrientationLandscapeLeft UIInterfaceOrientationLandscapeRight";
				INFOPLIST_KEY_UISupportedInterfaceOrientations_iPhone = "UIInterfaceOrientationPortrait UIInterfaceOrientationLandscapeLeft UIInterfaceOrientationLandscapeRight";
				LD_RUNPATH_SEARCH_PATHS = (
					"$(inherited)",
					"@executable_path/Frameworks",
				);
				MARKETING_VERSION = 1.0;
				PRODUCT_BUNDLE_IDENTIFIER = "chiragsaraswat.dev.I-am-Poor";
				PRODUCT_NAME = "$(TARGET_NAME)";
				SWIFT_EMIT_LOC_STRINGS = YES;
				SWIFT_VERSION = 5.0;
				TARGETED_DEVICE_FAMILY = "1,2";
			};
			name = Release;
		};
		462324F42A5ECF8B00E0D0FA /* Debug */ = {
			isa = XCBuildConfiguration;
			buildSettings = {
				ALWAYS_EMBED_SWIFT_STANDARD_LIBRARIES = YES;
				BUNDLE_LOADER = "$(TEST_HOST)";
				CODE_SIGN_STYLE = Automatic;
				CURRENT_PROJECT_VERSION = 1;
				GENERATE_INFOPLIST_FILE = YES;
				IPHONEOS_DEPLOYMENT_TARGET = 16.4;
				MARKETING_VERSION = 1.0;
				PRODUCT_BUNDLE_IDENTIFIER = "chiragsaraswat.dev.I-am-PoorTests";
				PRODUCT_NAME = "$(TARGET_NAME)";
				SWIFT_EMIT_LOC_STRINGS = NO;
				SWIFT_VERSION = 5.0;
				TARGETED_DEVICE_FAMILY = "1,2";
				TEST_HOST = "$(BUILT_PRODUCTS_DIR)/I am Poor.app/$(BUNDLE_EXECUTABLE_FOLDER_PATH)/I am Poor";
			};
			name = Debug;
		};
		462324F52A5ECF8B00E0D0FA /* Release */ = {
			isa = XCBuildConfiguration;
			buildSettings = {
				ALWAYS_EMBED_SWIFT_STANDARD_LIBRARIES = YES;
				BUNDLE_LOADER = "$(TEST_HOST)";
				CODE_SIGN_STYLE = Automatic;
				CURRENT_PROJECT_VERSION = 1;
				GENERATE_INFOPLIST_FILE = YES;
				IPHONEOS_DEPLOYMENT_TARGET = 16.4;
				MARKETING_VERSION = 1.0;
				PRODUCT_BUNDLE_IDENTIFIER = "chiragsaraswat.dev.I-am-PoorTests";
				PRODUCT_NAME = "$(TARGET_NAME)";
				SWIFT_EMIT_LOC_STRINGS = NO;
				SWIFT_VERSION = 5.0;
				TARGETED_DEVICE_FAMILY = "1,2";
				TEST_HOST = "$(BUILT_PRODUCTS_DIR)/I am Poor.app/$(BUNDLE_EXECUTABLE_FOLDER_PATH)/I am Poor";
			};
			name = Release;
		};
		462324F72A5ECF8B00E0D0FA /* Debug */ = {
			isa = XCBuildConfiguration;
			buildSettings = {
				ALWAYS_EMBED_SWIFT_STANDARD_LIBRARIES = YES;
				CODE_SIGN_STYLE = Automatic;
				CURRENT_PROJECT_VERSION = 1;
				GENERATE_INFOPLIST_FILE = YES;
				MARKETING_VERSION = 1.0;
				PRODUCT_BUNDLE_IDENTIFIER = "chiragsaraswat.dev.I-am-PoorUITests";
				PRODUCT_NAME = "$(TARGET_NAME)";
				SWIFT_EMIT_LOC_STRINGS = NO;
				SWIFT_VERSION = 5.0;
				TARGETED_DEVICE_FAMILY = "1,2";
				TEST_TARGET_NAME = "I am Poor";
			};
			name = Debug;
		};
		462324F82A5ECF8B00E0D0FA /* Release */ = {
			isa = XCBuildConfiguration;
			buildSettings = {
				ALWAYS_EMBED_SWIFT_STANDARD_LIBRARIES = YES;
				CODE_SIGN_STYLE = Automatic;
				CURRENT_PROJECT_VERSION = 1;
				GENERATE_INFOPLIST_FILE = YES;
				MARKETING_VERSION = 1.0;
				PRODUCT_BUNDLE_IDENTIFIER = "chiragsaraswat.dev.I-am-PoorUITests";
				PRODUCT_NAME = "$(TARGET_NAME)";
				SWIFT_EMIT_LOC_STRINGS = NO;
				SWIFT_VERSION = 5.0;
				TARGETED_DEVICE_FAMILY = "1,2";
				TEST_TARGET_NAME = "I am Poor";
			};
			name = Release;
		};
/* End XCBuildConfiguration section */

/* Begin XCConfigurationList section */
		462324C12A5ECF8A00E0D0FA /* Build configuration list for PBXProject "I am Poor" */ = {
			isa = XCConfigurationList;
			buildConfigurations = (
				462324EE2A5ECF8B00E0D0FA /* Debug */,
				462324EF2A5ECF8B00E0D0FA /* Release */,
			);
			defaultConfigurationIsVisible = 0;
			defaultConfigurationName = Release;
		};
		462324F02A5ECF8B00E0D0FA /* Build configuration list for PBXNativeTarget "I am Poor" */ = {
			isa = XCConfigurationList;
			buildConfigurations = (
				462324F12A5ECF8B00E0D0FA /* Debug */,
				462324F22A5ECF8B00E0D0FA /* Release */,
			);
			defaultConfigurationIsVisible = 0;
			defaultConfigurationName = Release;
		};
		462324F32A5ECF8B00E0D0FA /* Build configuration list for PBXNativeTarget "I am PoorTests" */ = {
			isa = XCConfigurationList;
			buildConfigurations = (
				462324F42A5ECF8B00E0D0FA /* Debug */,
				462324F52A5ECF8B00E0D0FA /* Release */,
			);
			defaultConfigurationIsVisible = 0;
			defaultConfigurationName = Release;
		};
		462324F62A5ECF8B00E0D0FA /* Build configuration list for PBXNativeTarget "I am PoorUITests" */ = {
			isa = XCConfigurationList;
			buildConfigurations = (
				462324F72A5ECF8B00E0D0FA /* Debug */,
				462324F82A5ECF8B00E0D0FA /* Release */,
			);
			defaultConfigurationIsVisible = 0;
			defaultConfigurationName = Release;
		};
/* End XCConfigurationList section */
	};
	rootObject = 462324BE2A5ECF8A00E0D0FA /* Project object */;
}
